
Microsoft Visual Studio Solution File, Format Version 12.00
# Visual Studio 15
VisualStudioVersion = 15.0.26730.12
MinimumVisualStudioVersion = 10.0.40219.1
Project("{FAE04EC0-301F-11D3-BF4B-00C04F79EFBC}") = "TodoXaml", "TodoXaml\TodoXaml.csproj", "{266357D3-60B6-4F7B-A5BF-960A97FD9067}"
EndProject
Global
	GlobalSection(SolutionConfigurationPlatforms) = preSolution
		Debug|ARM = Debug|ARM
		Debug|x64 = Debug|x64
		Debug|x86 = Debug|x86
		Release|ARM = Release|ARM
		Release|x64 = Release|x64
		Release|x86 = Release|x86
	EndGlobalSection
	GlobalSection(ProjectConfigurationPlatforms) = postSolution
		{266357D3-60B6-4F7B-A5BF-960A97FD9067}.Debug|ARM.ActiveCfg = Debug|ARM
		{266357D3-60B6-4F7B-A5BF-960A97FD9067}.Debug|ARM.Build.0 = Debug|ARM
		{266357D3-60B6-4F7B-A5BF-960A97FD9067}.Debug|ARM.Deploy.0 = Debug|ARM
		{266357D3-60B6-4F7B-A5BF-960A97FD9067}.Debug|x64.ActiveCfg = Debug|x64
		{266357D3-60B6-4F7B-A5BF-960A97FD9067}.Debug|x64.Build.0 = Debug|x64
		{266357D3-60B6-4F7B-A5BF-960A97FD9067}.Debug|x64.Deploy.0 = Debug|x64
		{266357D3-60B6-4F7B-A5BF-960A97FD9067}.Debug|x86.ActiveCfg = Debug|x86
		{266357D3-60B6-4F7B-A5BF-960A97FD9067}.Debug|x86.Build.0 = Debug|x86
		{266357D3-60B6-4F7B-A5BF-960A97FD9067}.Debug|x86.Deploy.0 = Debug|x86
		{266357D3-60B6-4F7B-A5BF-960A97FD9067}.Release|ARM.ActiveCfg = Release|ARM
		{266357D3-60B6-4F7B-A5BF-960A97FD9067}.Release|ARM.Build.0 = Release|ARM
		{266357D3-60B6-4F7B-A5BF-960A97FD9067}.Release|ARM.Deploy.0 = Release|ARM
		{266357D3-60B6-4F7B-A5BF-960A97FD9067}.Release|x64.ActiveCfg = Release|x64
		{266357D3-60B6-4F7B-A5BF-960A97FD9067}.Release|x64.Build.0 = Release|x64
		{266357D3-60B6-4F7B-A5BF-960A97FD9067}.Release|x64.Deploy.0 = Release|x64
		{266357D3-60B6-4F7B-A5BF-960A97FD9067}.Release|x86.ActiveCfg = Release|x86
		{266357D3-60B6-4F7B-A5BF-960A97FD9067}.Release|x86.Build.0 = Release|x86
		{266357D3-60B6-4F7B-A5BF-960A97FD9067}.Release|x86.Deploy.0 = Release|x86
	EndGlobalSection
	GlobalSection(SolutionProperties) = preSolution
		HideSolutionNode = FALSE
	EndGlobalSection
	GlobalSection(ExtensibilityGlobals) = postSolution
		SolutionGuid = {0BAB0B82-0914-413E-858C-9B739D4CD870}
	EndGlobalSection
EndGlobal
