
Microsoft Visual Studio Solution File, Format Version 12.00
# Visual Studio 15
VisualStudioVersion = 15.0.28010.2041
MinimumVisualStudioVersion = 10.0.40219.1
Project("{FAE04EC0-301F-11D3-BF4B-00C04F79EFBC}") = "ChattR", "ChattR.csproj", "{1CCA1183-A271-44F4-9DD1-F0FD5CB5184F}"
EndProject
Global
	GlobalSection(SolutionConfigurationPlatforms) = preSolution
		Debug|Any CPU = Debug|Any CPU
		Release|Any CPU = Release|Any CPU
	EndGlobalSection
	GlobalSection(ProjectConfigurationPlatforms) = postSolution
		{1CCA1183-A271-44F4-9DD1-F0FD5CB5184F}.Debug|Any CPU.ActiveCfg = Debug|Any CPU
		{1CCA1183-A271-44F4-9DD1-F0FD5CB5184F}.Debug|Any CPU.Build.0 = Debug|Any CPU
		{1CCA1183-A271-44F4-9DD1-F0FD5CB5184F}.Release|Any CPU.ActiveCfg = Release|Any CPU
		{1CCA1183-A271-44F4-9DD1-F0FD5CB5184F}.Release|Any CPU.Build.0 = Release|Any CPU
	EndGlobalSection
	GlobalSection(SolutionProperties) = preSolution
		HideSolutionNode = FALSE
	EndGlobalSection
	GlobalSection(ExtensibilityGlobals) = postSolution
		SolutionGuid = {17C09800-7C84-40A1-9380-4F2C00BB5BC3}
	EndGlobalSection
EndGlobal
